
Microsoft Visual Studio Solution File, Format Version 12.00
# Visual Studio 15
VisualStudioVersion = 15.0.28010.2050
MinimumVisualStudioVersion = 10.0.40219.1
Project("{9A19103F-16F7-4668-BE54-9A1E7A4F7556}") = "Katas", "Katas\Katas.csproj", "{39D510C0-6F34-4252-878C-FA45E5443F43}"
EndProject
Project("{FAE04EC0-301F-11D3-BF4B-00C04F79EFBC}") = "Katas.Tests", "Katas.Tests\Katas.Tests.csproj", "{C46E1CCE-E2ED-4A47-B0F5-2519B8598AC6}"
EndProject
Global
	GlobalSection(SolutionConfigurationPlatforms) = preSolution
		Debug|Any CPU = Debug|Any CPU
		Release|Any CPU = Release|Any CPU
	EndGlobalSection
	GlobalSection(ProjectConfigurationPlatforms) = postSolution
		{39D510C0-6F34-4252-878C-FA45E5443F43}.Debug|Any CPU.ActiveCfg = Debug|Any CPU
		{39D510C0-6F34-4252-878C-FA45E5443F43}.Debug|Any CPU.Build.0 = Debug|Any CPU
		{39D510C0-6F34-4252-878C-FA45E5443F43}.Release|Any CPU.ActiveCfg = Release|Any CPU
		{39D510C0-6F34-4252-878C-FA45E5443F43}.Release|Any CPU.Build.0 = Release|Any CPU
		{C46E1CCE-E2ED-4A47-B0F5-2519B8598AC6}.Debug|Any CPU.ActiveCfg = Debug|Any CPU
		{C46E1CCE-E2ED-4A47-B0F5-2519B8598AC6}.Debug|Any CPU.Build.0 = Debug|Any CPU
		{C46E1CCE-E2ED-4A47-B0F5-2519B8598AC6}.Release|Any CPU.ActiveCfg = Release|Any CPU
		{C46E1CCE-E2ED-4A47-B0F5-2519B8598AC6}.Release|Any CPU.Build.0 = Release|Any CPU
	EndGlobalSection
	GlobalSection(SolutionProperties) = preSolution
		HideSolutionNode = FALSE
	EndGlobalSection
	GlobalSection(ExtensibilityGlobals) = postSolution
		SolutionGuid = {4DF8ECE2-1091-4CF6-AF02-CD17A1B1D06F}
	EndGlobalSection
EndGlobal
